// !$*UTF8*$!
{
	archiveVersion = 1;
	classes = {
	};
	objectVersion = 56;
	objects = {

/* Begin PBXBuildFile section */
		68E84A3E2CC98AC6008312B1 /* CWKTemplate24App.swift in Sources */ = {isa = PBXBuildFile; fileRef = 68E84A3D2CC98AC6008312B1 /* CWKTemplate24App.swift */; };
		68E84A422CC98AC8008312B1 /* Assets.xcassets in Resources */ = {isa = PBXBuildFile; fileRef = 68E84A412CC98AC8008312B1 /* Assets.xcassets */; };
		68E84A452CC98AC8008312B1 /* Preview Assets.xcassets in Resources */ = {isa = PBXBuildFile; fileRef = 68E84A442CC98AC8008312B1 /* Preview Assets.xcassets */; };
		68E84A502CC98B8C008312B1 /* DateFormatter.swift in Sources */ = {isa = PBXBuildFile; fileRef = 68E84A4F2CC98B8C008312B1 /* DateFormatter.swift */; };
		68E84A522CC98C3F008312B1 /* WeatherMapPlaceViewModel.swift in Sources */ = {isa = PBXBuildFile; fileRef = 68E84A512CC98C3F008312B1 /* WeatherMapPlaceViewModel.swift */; };
		68E84A552CC98D69008312B1 /* WeatherDataModel.swift in Sources */ = {isa = PBXBuildFile; fileRef = 68E84A542CC98D69008312B1 /* WeatherDataModel.swift */; };
		68E84A572CC99C05008312B1 /* AirDataModel.swift in Sources */ = {isa = PBXBuildFile; fileRef = 68E84A562CC99C05008312B1 /* AirDataModel.swift */; };
		68E84A592CC99CFE008312B1 /* PlaceAnnotationDataModel.swift in Sources */ = {isa = PBXBuildFile; fileRef = 68E84A582CC99CFE008312B1 /* PlaceAnnotationDataModel.swift */; };
		68E84A5B2CC99DBD008312B1 /* LocationModel.swift in Sources */ = {isa = PBXBuildFile; fileRef = 68E84A5A2CC99DBD008312B1 /* LocationModel.swift */; };
		68E84A5D2CC9A269008312B1 /* NavBarView.swift in Sources */ = {isa = PBXBuildFile; fileRef = 68E84A5C2CC9A269008312B1 /* NavBarView.swift */; };
		68E84A5F2CC9A889008312B1 /* CurrentWeatherView.swift in Sources */ = {isa = PBXBuildFile; fileRef = 68E84A5E2CC9A889008312B1 /* CurrentWeatherView.swift */; };
		68E84A612CC9A91D008312B1 /* ForecastWeatherView.swift in Sources */ = {isa = PBXBuildFile; fileRef = 68E84A602CC9A91D008312B1 /* ForecastWeatherView.swift */; };
		68E84A632CC9A9EF008312B1 /* MapView.swift in Sources */ = {isa = PBXBuildFile; fileRef = 68E84A622CC9A9EF008312B1 /* MapView.swift */; };
		68E84A652CC9AA02008312B1 /* VisitedPlacesView.swift in Sources */ = {isa = PBXBuildFile; fileRef = 68E84A642CC9AA02008312B1 /* VisitedPlacesView.swift */; };
		68E84A672CC9B45D008312B1 /* HourlyWeatherView.swift in Sources */ = {isa = PBXBuildFile; fileRef = 68E84A662CC9B45D008312B1 /* HourlyWeatherView.swift */; };
		68E84A692CC9B478008312B1 /* DailyWeatherView.swift in Sources */ = {isa = PBXBuildFile; fileRef = 68E84A682CC9B478008312B1 /* DailyWeatherView.swift */; };
		6CC76F912D2BA9D8001D5F95 /* ContentView.swift in Sources */ = {isa = PBXBuildFile; fileRef = 6CC76F902D2BA9D8001D5F95 /* ContentView.swift */; };
		6CC76F932D2BAA6A001D5F95 /* MapViewContainer.swift in Sources */ = {isa = PBXBuildFile; fileRef = 6CC76F922D2BAA6A001D5F95 /* MapViewContainer.swift */; };
		6CC76F952D2BB1AE001D5F95 /* WeatherMainView.swift in Sources */ = {isa = PBXBuildFile; fileRef = 6CC76F942D2BB1AE001D5F95 /* WeatherMainView.swift */; };
/* End PBXBuildFile section */

/* Begin PBXFileReference section */
		68E84A3A2CC98AC6008312B1 /* CWKTemplate24.app */ = {isa = PBXFileReference; explicitFileType = wrapper.application; includeInIndex = 0; path = CWKTemplate24.app; sourceTree = BUILT_PRODUCTS_DIR; };
		68E84A3D2CC98AC6008312B1 /* CWKTemplate24App.swift */ = {isa = PBXFileReference; lastKnownFileType = sourcecode.swift; path = CWKTemplate24App.swift; sourceTree = "<group>"; };
		68E84A412CC98AC8008312B1 /* Assets.xcassets */ = {isa = PBXFileReference; lastKnownFileType = folder.assetcatalog; path = Assets.xcassets; sourceTree = "<group>"; };
		68E84A442CC98AC8008312B1 /* Preview Assets.xcassets */ = {isa = PBXFileReference; lastKnownFileType = folder.assetcatalog; path = "Preview Assets.xcassets"; sourceTree = "<group>"; };
		68E84A4F2CC98B8C008312B1 /* DateFormatter.swift */ = {isa = PBXFileReference; lastKnownFileType = sourcecode.swift; path = DateFormatter.swift; sourceTree = "<group>"; };
		68E84A512CC98C3F008312B1 /* WeatherMapPlaceViewModel.swift */ = {isa = PBXFileReference; lastKnownFileType = sourcecode.swift; path = WeatherMapPlaceViewModel.swift; sourceTree = "<group>"; };
		68E84A542CC98D69008312B1 /* WeatherDataModel.swift */ = {isa = PBXFileReference; lastKnownFileType = sourcecode.swift; path = WeatherDataModel.swift; sourceTree = "<group>"; };
		68E84A562CC99C05008312B1 /* AirDataModel.swift */ = {isa = PBXFileReference; lastKnownFileType = sourcecode.swift; path = AirDataModel.swift; sourceTree = "<group>"; };
		68E84A582CC99CFE008312B1 /* PlaceAnnotationDataModel.swift */ = {isa = PBXFileReference; lastKnownFileType = sourcecode.swift; path = PlaceAnnotationDataModel.swift; sourceTree = "<group>"; };
		68E84A5A2CC99DBD008312B1 /* LocationModel.swift */ = {isa = PBXFileReference; lastKnownFileType = sourcecode.swift; path = LocationModel.swift; sourceTree = "<group>"; };
		68E84A5C2CC9A269008312B1 /* NavBarView.swift */ = {isa = PBXFileReference; lastKnownFileType = sourcecode.swift; path = NavBarView.swift; sourceTree = "<group>"; };
		68E84A5E2CC9A889008312B1 /* CurrentWeatherView.swift */ = {isa = PBXFileReference; lastKnownFileType = sourcecode.swift; path = CurrentWeatherView.swift; sourceTree = "<group>"; };
		68E84A602CC9A91D008312B1 /* ForecastWeatherView.swift */ = {isa = PBXFileReference; lastKnownFileType = sourcecode.swift; path = ForecastWeatherView.swift; sourceTree = "<group>"; };
		68E84A622CC9A9EF008312B1 /* MapView.swift */ = {isa = PBXFileReference; lastKnownFileType = sourcecode.swift; path = MapView.swift; sourceTree = "<group>"; };
		68E84A642CC9AA02008312B1 /* VisitedPlacesView.swift */ = {isa = PBXFileReference; lastKnownFileType = sourcecode.swift; path = VisitedPlacesView.swift; sourceTree = "<group>"; };
		68E84A662CC9B45D008312B1 /* HourlyWeatherView.swift */ = {isa = PBXFileReference; lastKnownFileType = sourcecode.swift; path = HourlyWeatherView.swift; sourceTree = "<group>"; };
		68E84A682CC9B478008312B1 /* DailyWeatherView.swift */ = {isa = PBXFileReference; lastKnownFileType = sourcecode.swift; path = DailyWeatherView.swift; sourceTree = "<group>"; };
		6CC76F902D2BA9D8001D5F95 /* ContentView.swift */ = {isa = PBXFileReference; lastKnownFileType = sourcecode.swift; path = ContentView.swift; sourceTree = "<group>"; };
		6CC76F922D2BAA6A001D5F95 /* MapViewContainer.swift */ = {isa = PBXFileReference; lastKnownFileType = sourcecode.swift; path = MapViewContainer.swift; sourceTree = "<group>"; };
		6CC76F942D2BB1AE001D5F95 /* WeatherMainView.swift */ = {isa = PBXFileReference; lastKnownFileType = sourcecode.swift; path = WeatherMainView.swift; sourceTree = "<group>"; };
/* End PBXFileReference section */

/* Begin PBXFrameworksBuildPhase section */
		68E84A372CC98AC6008312B1 /* Frameworks */ = {
			isa = PBXFrameworksBuildPhase;
			buildActionMask = 2147483647;
			files = (
			);
			runOnlyForDeploymentPostprocessing = 0;
		};
/* End PBXFrameworksBuildPhase section */

/* Begin PBXGroup section */
		68E84A312CC98AC6008312B1 = {
			isa = PBXGroup;
			children = (
				68E84A3C2CC98AC6008312B1 /* CWKTemplate24 */,
				68E84A3B2CC98AC6008312B1 /* Products */,
			);
			sourceTree = "<group>";
		};
		68E84A3B2CC98AC6008312B1 /* Products */ = {
			isa = PBXGroup;
			children = (
				68E84A3A2CC98AC6008312B1 /* CWKTemplate24.app */,
			);
			name = Products;
			sourceTree = "<group>";
		};
		68E84A3C2CC98AC6008312B1 /* CWKTemplate24 */ = {
			isa = PBXGroup;
			children = (
				68E84A3D2CC98AC6008312B1 /* CWKTemplate24App.swift */,
				68E84A4B2CC98AD3008312B1 /* Utilities */,
				68E84A4C2CC98AE5008312B1 /* Model */,
				68E84A4D2CC98AF6008312B1 /* ViewModel */,
				68E84A4E2CC98AFE008312B1 /* Views */,
				68E84A412CC98AC8008312B1 /* Assets.xcassets */,
				68E84A432CC98AC8008312B1 /* Preview Content */,
			);
			path = CWKTemplate24;
			sourceTree = "<group>";
		};
		68E84A432CC98AC8008312B1 /* Preview Content */ = {
			isa = PBXGroup;
			children = (
				68E84A442CC98AC8008312B1 /* Preview Assets.xcassets */,
			);
			path = "Preview Content";
			sourceTree = "<group>";
		};
		68E84A4B2CC98AD3008312B1 /* Utilities */ = {
			isa = PBXGroup;
			children = (
				68E84A4F2CC98B8C008312B1 /* DateFormatter.swift */,
			);
			path = Utilities;
			sourceTree = "<group>";
		};
		68E84A4C2CC98AE5008312B1 /* Model */ = {
			isa = PBXGroup;
			children = (
				68E84A542CC98D69008312B1 /* WeatherDataModel.swift */,
				68E84A562CC99C05008312B1 /* AirDataModel.swift */,
				68E84A582CC99CFE008312B1 /* PlaceAnnotationDataModel.swift */,
				68E84A5A2CC99DBD008312B1 /* LocationModel.swift */,
			);
			path = Model;
			sourceTree = "<group>";
		};
		68E84A4D2CC98AF6008312B1 /* ViewModel */ = {
			isa = PBXGroup;
			children = (
				68E84A512CC98C3F008312B1 /* WeatherMapPlaceViewModel.swift */,
			);
			path = ViewModel;
			sourceTree = "<group>";
		};
		68E84A4E2CC98AFE008312B1 /* Views */ = {
			isa = PBXGroup;
			children = (
				68E84A5C2CC9A269008312B1 /* NavBarView.swift */,
				68E84A5E2CC9A889008312B1 /* CurrentWeatherView.swift */,
				68E84A602CC9A91D008312B1 /* ForecastWeatherView.swift */,
				68E84A622CC9A9EF008312B1 /* MapView.swift */,
				68E84A642CC9AA02008312B1 /* VisitedPlacesView.swift */,
				68E84A662CC9B45D008312B1 /* HourlyWeatherView.swift */,
				68E84A682CC9B478008312B1 /* DailyWeatherView.swift */,
				6CC76F902D2BA9D8001D5F95 /* ContentView.swift */,
				6CC76F922D2BAA6A001D5F95 /* MapViewContainer.swift */,
				6CC76F942D2BB1AE001D5F95 /* WeatherMainView.swift */,
			);
			path = Views;
			sourceTree = "<group>";
		};
/* End PBXGroup section */

/* Begin PBXNativeTarget section */
		68E84A392CC98AC6008312B1 /* CWKTemplate24 */ = {
			isa = PBXNativeTarget;
			buildConfigurationList = 68E84A482CC98AC8008312B1 /* Build configuration list for PBXNativeTarget "CWKTemplate24" */;
			buildPhases = (
				68E84A362CC98AC6008312B1 /* Sources */,
				68E84A372CC98AC6008312B1 /* Frameworks */,
				68E84A382CC98AC6008312B1 /* Resources */,
			);
			buildRules = (
			);
			dependencies = (
			);
			name = CWKTemplate24;
			productName = CWKTemplate24;
			productReference = 68E84A3A2CC98AC6008312B1 /* CWKTemplate24.app */;
			productType = "com.apple.product-type.application";
		};
/* End PBXNativeTarget section */

/* Begin PBXProject section */
		68E84A322CC98AC6008312B1 /* Project object */ = {
			isa = PBXProject;
			attributes = {
				BuildIndependentTargetsInParallel = 1;
				LastSwiftUpdateCheck = 1540;
				LastUpgradeCheck = 1540;
				TargetAttributes = {
					68E84A392CC98AC6008312B1 = {
						CreatedOnToolsVersion = 15.4;
					};
				};
			};
			buildConfigurationList = 68E84A352CC98AC6008312B1 /* Build configuration list for PBXProject "CWKTemplate24" */;
			compatibilityVersion = "Xcode 14.0";
			developmentRegion = en;
			hasScannedForEncodings = 0;
			knownRegions = (
				en,
				Base,
			);
			mainGroup = 68E84A312CC98AC6008312B1;
			productRefGroup = 68E84A3B2CC98AC6008312B1 /* Products */;
			projectDirPath = "";
			projectRoot = "";
			targets = (
				68E84A392CC98AC6008312B1 /* CWKTemplate24 */,
			);
		};
/* End PBXProject section */

/* Begin PBXResourcesBuildPhase section */
		68E84A382CC98AC6008312B1 /* Resources */ = {
			isa = PBXResourcesBuildPhase;
			buildActionMask = 2147483647;
			files = (
				68E84A452CC98AC8008312B1 /* Preview Assets.xcassets in Resources */,
				68E84A422CC98AC8008312B1 /* Assets.xcassets in Resources */,
			);
			runOnlyForDeploymentPostprocessing = 0;
		};
/* End PBXResourcesBuildPhase section */

/* Begin PBXSourcesBuildPhase section */
		68E84A362CC98AC6008312B1 /* Sources */ = {
			isa = PBXSourcesBuildPhase;
			buildActionMask = 2147483647;
			files = (
				68E84A5B2CC99DBD008312B1 /* LocationModel.swift in Sources */,
				68E84A632CC9A9EF008312B1 /* MapView.swift in Sources */,
				68E84A522CC98C3F008312B1 /* WeatherMapPlaceViewModel.swift in Sources */,
				68E84A552CC98D69008312B1 /* WeatherDataModel.swift in Sources */,
				68E84A5F2CC9A889008312B1 /* CurrentWeatherView.swift in Sources */,
				68E84A502CC98B8C008312B1 /* DateFormatter.swift in Sources */,
				68E84A672CC9B45D008312B1 /* HourlyWeatherView.swift in Sources */,
				68E84A612CC9A91D008312B1 /* ForecastWeatherView.swift in Sources */,
				68E84A5D2CC9A269008312B1 /* NavBarView.swift in Sources */,
				68E84A592CC99CFE008312B1 /* PlaceAnnotationDataModel.swift in Sources */,
				68E84A692CC9B478008312B1 /* DailyWeatherView.swift in Sources */,
				6CC76F952D2BB1AE001D5F95 /* WeatherMainView.swift in Sources */,
				6CC76F912D2BA9D8001D5F95 /* ContentView.swift in Sources */,
				68E84A652CC9AA02008312B1 /* VisitedPlacesView.swift in Sources */,
				6CC76F932D2BAA6A001D5F95 /* MapViewContainer.swift in Sources */,
				68E84A572CC99C05008312B1 /* AirDataModel.swift in Sources */,
				68E84A3E2CC98AC6008312B1 /* CWKTemplate24App.swift in Sources */,
			);
			runOnlyForDeploymentPostprocessing = 0;
		};
/* End PBXSourcesBuildPhase section */

/* Begin XCBuildConfiguration section */
		68E84A462CC98AC8008312B1 /* Debug */ = {
			isa = XCBuildConfiguration;
			buildSettings = {
				ALWAYS_SEARCH_USER_PATHS = NO;
				ASSETCATALOG_COMPILER_GENERATE_SWIFT_ASSET_SYMBOL_EXTENSIONS = YES;
				CLANG_ANALYZER_NONNULL = YES;
				CLANG_ANALYZER_NUMBER_OBJECT_CONVERSION = YES_AGGRESSIVE;
				CLANG_CXX_LANGUAGE_STANDARD = "gnu++20";
				CLANG_ENABLE_MODULES = YES;
				CLANG_ENABLE_OBJC_ARC = YES;
				CLANG_ENABLE_OBJC_WEAK = YES;
				CLANG_WARN_BLOCK_CAPTURE_AUTORELEASING = YES;
				CLANG_WARN_BOOL_CONVERSION = YES;
				CLANG_WARN_COMMA = YES;
				CLANG_WARN_CONSTANT_CONVERSION = YES;
				CLANG_WARN_DEPRECATED_OBJC_IMPLEMENTATIONS = YES;
				CLANG_WARN_DIRECT_OBJC_ISA_USAGE = YES_ERROR;
				CLANG_WARN_DOCUMENTATION_COMMENTS = YES;
				CLANG_WARN_EMPTY_BODY = YES;
				CLANG_WARN_ENUM_CONVERSION = YES;
				CLANG_WARN_INFINITE_RECURSION = YES;
				CLANG_WARN_INT_CONVERSION = YES;
				CLANG_WARN_NON_LITERAL_NULL_CONVERSION = YES;
				CLANG_WARN_OBJC_IMPLICIT_RETAIN_SELF = YES;
				CLANG_WARN_OBJC_LITERAL_CONVERSION = YES;
				CLANG_WARN_OBJC_ROOT_CLASS = YES_ERROR;
				CLANG_WARN_QUOTED_INCLUDE_IN_FRAMEWORK_HEADER = YES;
				CLANG_WARN_RANGE_LOOP_ANALYSIS = YES;
				CLANG_WARN_STRICT_PROTOTYPES = YES;
				CLANG_WARN_SUSPICIOUS_MOVE = YES;
				CLANG_WARN_UNGUARDED_AVAILABILITY = YES_AGGRESSIVE;
				CLANG_WARN_UNREACHABLE_CODE = YES;
				CLANG_WARN__DUPLICATE_METHOD_MATCH = YES;
				COPY_PHASE_STRIP = NO;
				DEBUG_INFORMATION_FORMAT = dwarf;
				ENABLE_STRICT_OBJC_MSGSEND = YES;
				ENABLE_TESTABILITY = YES;
				ENABLE_USER_SCRIPT_SANDBOXING = YES;
				GCC_C_LANGUAGE_STANDARD = gnu17;
				GCC_DYNAMIC_NO_PIC = NO;
				GCC_NO_COMMON_BLOCKS = YES;
				GCC_OPTIMIZATION_LEVEL = 0;
				GCC_PREPROCESSOR_DEFINITIONS = (
					"DEBUG=1",
					"$(inherited)",
				);
				GCC_WARN_64_TO_32_BIT_CONVERSION = YES;
				GCC_WARN_ABOUT_RETURN_TYPE = YES_ERROR;
				GCC_WARN_UNDECLARED_SELECTOR = YES;
				GCC_WARN_UNINITIALIZED_AUTOS = YES_AGGRESSIVE;
				GCC_WARN_UNUSED_FUNCTION = YES;
				GCC_WARN_UNUSED_VARIABLE = YES;
				IPHONEOS_DEPLOYMENT_TARGET = 16.4;
				LOCALIZATION_PREFERS_STRING_CATALOGS = YES;
				MTL_ENABLE_DEBUG_INFO = INCLUDE_SOURCE;
				MTL_FAST_MATH = YES;
				ONLY_ACTIVE_ARCH = YES;
				SDKROOT = iphoneos;
				SWIFT_ACTIVE_COMPILATION_CONDITIONS = "DEBUG $(inherited)";
				SWIFT_OPTIMIZATION_LEVEL = "-Onone";
			};
			name = Debug;
		};
		68E84A472CC98AC8008312B1 /* Release */ = {
			isa = XCBuildConfiguration;
			buildSettings = {
				ALWAYS_SEARCH_USER_PATHS = NO;
				ASSETCATALOG_COMPILER_GENERATE_SWIFT_ASSET_SYMBOL_EXTENSIONS = YES;
				CLANG_ANALYZER_NONNULL = YES;
				CLANG_ANALYZER_NUMBER_OBJECT_CONVERSION = YES_AGGRESSIVE;
				CLANG_CXX_LANGUAGE_STANDARD = "gnu++20";
				CLANG_ENABLE_MODULES = YES;
				CLANG_ENABLE_OBJC_ARC = YES;
				CLANG_ENABLE_OBJC_WEAK = YES;
				CLANG_WARN_BLOCK_CAPTURE_AUTORELEASING = YES;
				CLANG_WARN_BOOL_CONVERSION = YES;
				CLANG_WARN_COMMA = YES;
				CLANG_WARN_CONSTANT_CONVERSION = YES;
				CLANG_WARN_DEPRECATED_OBJC_IMPLEMENTATIONS = YES;
				CLANG_WARN_DIRECT_OBJC_ISA_USAGE = YES_ERROR;
				CLANG_WARN_DOCUMENTATION_COMMENTS = YES;
				CLANG_WARN_EMPTY_BODY = YES;
				CLANG_WARN_ENUM_CONVERSION = YES;
				CLANG_WARN_INFINITE_RECURSION = YES;
				CLANG_WARN_INT_CONVERSION = YES;
				CLANG_WARN_NON_LITERAL_NULL_CONVERSION = YES;
				CLANG_WARN_OBJC_IMPLICIT_RETAIN_SELF = YES;
				CLANG_WARN_OBJC_LITERAL_CONVERSION = YES;
				CLANG_WARN_OBJC_ROOT_CLASS = YES_ERROR;
				CLANG_WARN_QUOTED_INCLUDE_IN_FRAMEWORK_HEADER = YES;
				CLANG_WARN_RANGE_LOOP_ANALYSIS = YES;
				CLANG_WARN_STRICT_PROTOTYPES = YES;
				CLANG_WARN_SUSPICIOUS_MOVE = YES;
				CLANG_WARN_UNGUARDED_AVAILABILITY = YES_AGGRESSIVE;
				CLANG_WARN_UNREACHABLE_CODE = YES;
				CLANG_WARN__DUPLICATE_METHOD_MATCH = YES;
				COPY_PHASE_STRIP = NO;
				DEBUG_INFORMATION_FORMAT = "dwarf-with-dsym";
				ENABLE_NS_ASSERTIONS = NO;
				ENABLE_STRICT_OBJC_MSGSEND = YES;
				ENABLE_USER_SCRIPT_SANDBOXING = YES;
				GCC_C_LANGUAGE_STANDARD = gnu17;
				GCC_NO_COMMON_BLOCKS = YES;
				GCC_WARN_64_TO_32_BIT_CONVERSION = YES;
				GCC_WARN_ABOUT_RETURN_TYPE = YES_ERROR;
				GCC_WARN_UNDECLARED_SELECTOR = YES;
				GCC_WARN_UNINITIALIZED_AUTOS = YES_AGGRESSIVE;
				GCC_WARN_UNUSED_FUNCTION = YES;
				GCC_WARN_UNUSED_VARIABLE = YES;
				IPHONEOS_DEPLOYMENT_TARGET = 16.4;
				LOCALIZATION_PREFERS_STRING_CATALOGS = YES;
				MTL_ENABLE_DEBUG_INFO = NO;
				MTL_FAST_MATH = YES;
				SDKROOT = iphoneos;
				SWIFT_COMPILATION_MODE = wholemodule;
				VALIDATE_PRODUCT = YES;
			};
			name = Release;
		};
		68E84A492CC98AC8008312B1 /* Debug */ = {
			isa = XCBuildConfiguration;
			buildSettings = {
				ASSETCATALOG_COMPILER_APPICON_NAME = AppIcon;
				ASSETCATALOG_COMPILER_GLOBAL_ACCENT_COLOR_NAME = AccentColor;
				CODE_SIGN_STYLE = Automatic;
				CURRENT_PROJECT_VERSION = 1;
				DEVELOPMENT_ASSET_PATHS = "\"CWKTemplate24/Preview Content\"";
				ENABLE_PREVIEWS = YES;
				GENERATE_INFOPLIST_FILE = YES;
				INFOPLIST_KEY_UIApplicationSceneManifest_Generation = YES;
				INFOPLIST_KEY_UIApplicationSupportsIndirectInputEvents = YES;
				INFOPLIST_KEY_UILaunchScreen_Generation = YES;
				INFOPLIST_KEY_UISupportedInterfaceOrientations_iPad = "UIInterfaceOrientationPortrait UIInterfaceOrientationPortraitUpsideDown UIInterfaceOrientationLandscapeLeft UIInterfaceOrientationLandscapeRight";
				INFOPLIST_KEY_UISupportedInterfaceOrientations_iPhone = "UIInterfaceOrientationPortrait UIInterfaceOrientationLandscapeLeft UIInterfaceOrientationLandscapeRight";
				LD_RUNPATH_SEARCH_PATHS = (
					"$(inherited)",
					"@executable_path/Frameworks",
				);
				MARKETING_VERSION = 1.0;
				PRODUCT_BUNDLE_IDENTIFIER = wmin.girish.CWKTemplate24;
				PRODUCT_NAME = "$(TARGET_NAME)";
				SWIFT_EMIT_LOC_STRINGS = YES;
				SWIFT_VERSION = 5.0;
				TARGETED_DEVICE_FAMILY = "1,2";
			};
			name = Debug;
		};
		68E84A4A2CC98AC8008312B1 /* Release */ = {
			isa = XCBuildConfiguration;
			buildSettings = {
				ASSETCATALOG_COMPILER_APPICON_NAME = AppIcon;
				ASSETCATALOG_COMPILER_GLOBAL_ACCENT_COLOR_NAME = AccentColor;
				CODE_SIGN_STYLE = Automatic;
				CURRENT_PROJECT_VERSION = 1;
				DEVELOPMENT_ASSET_PATHS = "\"CWKTemplate24/Preview Content\"";
				ENABLE_PREVIEWS = YES;
				GENERATE_INFOPLIST_FILE = YES;
				INFOPLIST_KEY_UIApplicationSceneManifest_Generation = YES;
				INFOPLIST_KEY_UIApplicationSupportsIndirectInputEvents = YES;
				INFOPLIST_KEY_UILaunchScreen_Generation = YES;
				INFOPLIST_KEY_UISupportedInterfaceOrientations_iPad = "UIInterfaceOrientationPortrait UIInterfaceOrientationPortraitUpsideDown UIInterfaceOrientationLandscapeLeft UIInterfaceOrientationLandscapeRight";
				INFOPLIST_KEY_UISupportedInterfaceOrientations_iPhone = "UIInterfaceOrientationPortrait UIInterfaceOrientationLandscapeLeft UIInterfaceOrientationLandscapeRight";
				LD_RUNPATH_SEARCH_PATHS = (
					"$(inherited)",
					"@executable_path/Frameworks",
				);
				MARKETING_VERSION = 1.0;
				PRODUCT_BUNDLE_IDENTIFIER = wmin.girish.CWKTemplate24;
				PRODUCT_NAME = "$(TARGET_NAME)";
				SWIFT_EMIT_LOC_STRINGS = YES;
				SWIFT_VERSION = 5.0;
				TARGETED_DEVICE_FAMILY = "1,2";
			};
			name = Release;
		};
/* End XCBuildConfiguration section */

/* Begin XCConfigurationList section */
		68E84A352CC98AC6008312B1 /* Build configuration list for PBXProject "CWKTemplate24" */ = {
			isa = XCConfigurationList;
			buildConfigurations = (
				68E84A462CC98AC8008312B1 /* Debug */,
				68E84A472CC98AC8008312B1 /* Release */,
			);
			defaultConfigurationIsVisible = 0;
			defaultConfigurationName = Release;
		};
		68E84A482CC98AC8008312B1 /* Build configuration list for PBXNativeTarget "CWKTemplate24" */ = {
			isa = XCConfigurationList;
			buildConfigurations = (
				68E84A492CC98AC8008312B1 /* Debug */,
				68E84A4A2CC98AC8008312B1 /* Release */,
			);
			defaultConfigurationIsVisible = 0;
			defaultConfigurationName = Release;
		};
/* End XCConfigurationList section */
	};
	rootObject = 68E84A322CC98AC6008312B1 /* Project object */;
}
